// !$*UTF8*$!
{
	archiveVersion = 1;
	classes = {
	};
	objectVersion = 77;
	objects = {

/* Begin PBXBuildFile section */
		244397982D918B2D00B221EE /* mindleague Watch App.app in Embed Watch Content */ = {isa = PBXBuildFile; fileRef = 244397972D918B2D00B221EE /* mindleague Watch App.app */; settings = {ATTRIBUTES = (RemoveHeadersOnCopy, ); }; };
/* End PBXBuildFile section */

/* Begin PBXContainerItemProxy section */
		244397822D918B2D00B221EE /* PBXContainerItemProxy */ = {
			isa = PBXContainerItemProxy;
			containerPortal = 244397692D918B2B00B221EE /* Project object */;
			proxyType = 1;
			remoteGlobalIDString = 244397702D918B2B00B221EE;
			remoteInfo = mindleague;
		};
		2443978C2D918B2D00B221EE /* PBXContainerItemProxy */ = {
			isa = PBXContainerItemProxy;
			containerPortal = 244397692D918B2B00B221EE /* Project object */;
			proxyType = 1;
			remoteGlobalIDString = 244397702D918B2B00B221EE;
			remoteInfo = mindleague;
		};
		244397992D918B2D00B221EE /* PBXContainerItemProxy */ = {
			isa = PBXContainerItemProxy;
			containerPortal = 244397692D918B2B00B221EE /* Project object */;
			proxyType = 1;
			remoteGlobalIDString = 244397962D918B2D00B221EE;
			remoteInfo = "mindleague Watch App";
		};
		244397AA2D918B2E00B221EE /* PBXContainerItemProxy */ = {
			isa = PBXContainerItemProxy;
			containerPortal = 244397692D918B2B00B221EE /* Project object */;
			proxyType = 1;
			remoteGlobalIDString = 244397962D918B2D00B221EE;
			remoteInfo = "mindleague Watch App";
		};
		244397B42D918B2E00B221EE /* PBXContainerItemProxy */ = {
			isa = PBXContainerItemProxy;
			containerPortal = 244397692D918B2B00B221EE /* Project object */;
			proxyType = 1;
			remoteGlobalIDString = 244397962D918B2D00B221EE;
			remoteInfo = "mindleague Watch App";
		};
/* End PBXContainerItemProxy section */

/* Begin PBXCopyFilesBuildPhase section */
		244397C02D918B2E00B221EE /* Embed Watch Content */ = {
			isa = PBXCopyFilesBuildPhase;
			buildActionMask = 2147483647;
			dstPath = "$(CONTENTS_FOLDER_PATH)/Watch";
			dstSubfolderSpec = 16;
			files = (
				244397982D918B2D00B221EE /* mindleague Watch App.app in Embed Watch Content */,
			);
			name = "Embed Watch Content";
			runOnlyForDeploymentPostprocessing = 0;
		};
/* End PBXCopyFilesBuildPhase section */

/* Begin PBXFileReference section */
		244397712D918B2B00B221EE /* mindleague.app */ = {isa = PBXFileReference; explicitFileType = wrapper.application; includeInIndex = 0; path = mindleague.app; sourceTree = BUILT_PRODUCTS_DIR; };
		244397812D918B2D00B221EE /* mindleagueTests.xctest */ = {isa = PBXFileReference; explicitFileType = wrapper.cfbundle; includeInIndex = 0; path = mindleagueTests.xctest; sourceTree = BUILT_PRODUCTS_DIR; };
		2443978B2D918B2D00B221EE /* mindleagueUITests.xctest */ = {isa = PBXFileReference; explicitFileType = wrapper.cfbundle; includeInIndex = 0; path = mindleagueUITests.xctest; sourceTree = BUILT_PRODUCTS_DIR; };
		244397972D918B2D00B221EE /* mindleague Watch App.app */ = {isa = PBXFileReference; explicitFileType = wrapper.application; includeInIndex = 0; path = "mindleague Watch App.app"; sourceTree = BUILT_PRODUCTS_DIR; };
		244397A92D918B2E00B221EE /* mindleague Watch AppTests.xctest */ = {isa = PBXFileReference; explicitFileType = wrapper.cfbundle; includeInIndex = 0; path = "mindleague Watch AppTests.xctest"; sourceTree = BUILT_PRODUCTS_DIR; };
		244397B32D918B2E00B221EE /* mindleague Watch AppUITests.xctest */ = {isa = PBXFileReference; explicitFileType = wrapper.cfbundle; includeInIndex = 0; path = "mindleague Watch AppUITests.xctest"; sourceTree = BUILT_PRODUCTS_DIR; };
/* End PBXFileReference section */

/* Begin PBXFileSystemSynchronizedRootGroup section */
		244397732D918B2B00B221EE /* mindleague */ = {
			isa = PBXFileSystemSynchronizedRootGroup;
			path = mindleague;
			sourceTree = "<group>";
		};
		244397842D918B2D00B221EE /* mindleagueTests */ = {
			isa = PBXFileSystemSynchronizedRootGroup;
			path = mindleagueTests;
			sourceTree = "<group>";
		};
		2443978E2D918B2D00B221EE /* mindleagueUITests */ = {
			isa = PBXFileSystemSynchronizedRootGroup;
			path = mindleagueUITests;
			sourceTree = "<group>";
		};
		2443979B2D918B2D00B221EE /* mindleague Watch App */ = {
			isa = PBXFileSystemSynchronizedRootGroup;
			path = "mindleague Watch App";
			sourceTree = "<group>";
		};
		244397AC2D918B2E00B221EE /* mindleague Watch AppTests */ = {
			isa = PBXFileSystemSynchronizedRootGroup;
			path = "mindleague Watch AppTests";
			sourceTree = "<group>";
		};
		244397B62D918B2E00B221EE /* mindleague Watch AppUITests */ = {
			isa = PBXFileSystemSynchronizedRootGroup;
			path = "mindleague Watch AppUITests";
			sourceTree = "<group>";
		};
/* End PBXFileSystemSynchronizedRootGroup section */

/* Begin PBXFrameworksBuildPhase section */
		2443976E2D918B2B00B221EE /* Frameworks */ = {
			isa = PBXFrameworksBuildPhase;
			buildActionMask = 2147483647;
			files = (
			);
			runOnlyForDeploymentPostprocessing = 0;
		};
		2443977E2D918B2D00B221EE /* Frameworks */ = {
			isa = PBXFrameworksBuildPhase;
			buildActionMask = 2147483647;
			files = (
			);
			runOnlyForDeploymentPostprocessing = 0;
		};
		244397882D918B2D00B221EE /* Frameworks */ = {
			isa = PBXFrameworksBuildPhase;
			buildActionMask = 2147483647;
			files = (
			);
			runOnlyForDeploymentPostprocessing = 0;
		};
		244397942D918B2D00B221EE /* Frameworks */ = {
			isa = PBXFrameworksBuildPhase;
			buildActionMask = 2147483647;
			files = (
			);
			runOnlyForDeploymentPostprocessing = 0;
		};
		244397A62D918B2E00B221EE /* Frameworks */ = {
			isa = PBXFrameworksBuildPhase;
			buildActionMask = 2147483647;
			files = (
			);
			runOnlyForDeploymentPostprocessing = 0;
		};
		244397B02D918B2E00B221EE /* Frameworks */ = {
			isa = PBXFrameworksBuildPhase;
			buildActionMask = 2147483647;
			files = (
			);
			runOnlyForDeploymentPostprocessing = 0;
		};
/* End PBXFrameworksBuildPhase section */

/* Begin PBXGroup section */
		244397682D918B2B00B221EE = {
			isa = PBXGroup;
			children = (
				244397732D918B2B00B221EE /* mindleague */,
				244397842D918B2D00B221EE /* mindleagueTests */,
				2443978E2D918B2D00B221EE /* mindleagueUITests */,
				2443979B2D918B2D00B221EE /* mindleague Watch App */,
				244397AC2D918B2E00B221EE /* mindleague Watch AppTests */,
				244397B62D918B2E00B221EE /* mindleague Watch AppUITests */,
				244397722D918B2B00B221EE /* Products */,
			);
			sourceTree = "<group>";
		};
		244397722D918B2B00B221EE /* Products */ = {
			isa = PBXGroup;
			children = (
				244397712D918B2B00B221EE /* mindleague.app */,
				244397812D918B2D00B221EE /* mindleagueTests.xctest */,
				2443978B2D918B2D00B221EE /* mindleagueUITests.xctest */,
				244397972D918B2D00B221EE /* mindleague Watch App.app */,
				244397A92D918B2E00B221EE /* mindleague Watch AppTests.xctest */,
				244397B32D918B2E00B221EE /* mindleague Watch AppUITests.xctest */,
			);
			name = Products;
			sourceTree = "<group>";
		};
/* End PBXGroup section */

/* Begin PBXNativeTarget section */
		244397702D918B2B00B221EE /* mindleague */ = {
			isa = PBXNativeTarget;
			buildConfigurationList = 244397C12D918B2E00B221EE /* Build configuration list for PBXNativeTarget "mindleague" */;
			buildPhases = (
				2443976D2D918B2B00B221EE /* Sources */,
				2443976E2D918B2B00B221EE /* Frameworks */,
				2443976F2D918B2B00B221EE /* Resources */,
				244397C02D918B2E00B221EE /* Embed Watch Content */,
			);
			buildRules = (
			);
			dependencies = (
				2443979A2D918B2D00B221EE /* PBXTargetDependency */,
			);
			fileSystemSynchronizedGroups = (
				244397732D918B2B00B221EE /* mindleague */,
			);
			name = mindleague;
			packageProductDependencies = (
			);
			productName = mindleague;
			productReference = 244397712D918B2B00B221EE /* mindleague.app */;
			productType = "com.apple.product-type.application";
		};
		244397802D918B2D00B221EE /* mindleagueTests */ = {
			isa = PBXNativeTarget;
			buildConfigurationList = 244397C42D918B2E00B221EE /* Build configuration list for PBXNativeTarget "mindleagueTests" */;
			buildPhases = (
				2443977D2D918B2D00B221EE /* Sources */,
				2443977E2D918B2D00B221EE /* Frameworks */,
				2443977F2D918B2D00B221EE /* Resources */,
			);
			buildRules = (
			);
			dependencies = (
				244397832D918B2D00B221EE /* PBXTargetDependency */,
			);
			fileSystemSynchronizedGroups = (
				244397842D918B2D00B221EE /* mindleagueTests */,
			);
			name = mindleagueTests;
			packageProductDependencies = (
			);
			productName = mindleagueTests;
			productReference = 244397812D918B2D00B221EE /* mindleagueTests.xctest */;
			productType = "com.apple.product-type.bundle.unit-test";
		};
		2443978A2D918B2D00B221EE /* mindleagueUITests */ = {
			isa = PBXNativeTarget;
			buildConfigurationList = 244397C72D918B2E00B221EE /* Build configuration list for PBXNativeTarget "mindleagueUITests" */;
			buildPhases = (
				244397872D918B2D00B221EE /* Sources */,
				244397882D918B2D00B221EE /* Frameworks */,
				244397892D918B2D00B221EE /* Resources */,
			);
			buildRules = (
			);
			dependencies = (
				2443978D2D918B2D00B221EE /* PBXTargetDependency */,
			);
			fileSystemSynchronizedGroups = (
				2443978E2D918B2D00B221EE /* mindleagueUITests */,
			);
			name = mindleagueUITests;
			packageProductDependencies = (
			);
			productName = mindleagueUITests;
			productReference = 2443978B2D918B2D00B221EE /* mindleagueUITests.xctest */;
			productType = "com.apple.product-type.bundle.ui-testing";
		};
		244397962D918B2D00B221EE /* mindleague Watch App */ = {
			isa = PBXNativeTarget;
			buildConfigurationList = 244397BD2D918B2E00B221EE /* Build configuration list for PBXNativeTarget "mindleague Watch App" */;
			buildPhases = (
				244397932D918B2D00B221EE /* Sources */,
				244397942D918B2D00B221EE /* Frameworks */,
				244397952D918B2D00B221EE /* Resources */,
			);
			buildRules = (
			);
			dependencies = (
			);
			fileSystemSynchronizedGroups = (
				2443979B2D918B2D00B221EE /* mindleague Watch App */,
			);
			name = "mindleague Watch App";
			packageProductDependencies = (
			);
			productName = "mindleague Watch App";
			productReference = 244397972D918B2D00B221EE /* mindleague Watch App.app */;
			productType = "com.apple.product-type.application";
		};
		244397A82D918B2E00B221EE /* mindleague Watch AppTests */ = {
			isa = PBXNativeTarget;
			buildConfigurationList = 244397CA2D918B2E00B221EE /* Build configuration list for PBXNativeTarget "mindleague Watch AppTests" */;
			buildPhases = (
				244397A52D918B2E00B221EE /* Sources */,
				244397A62D918B2E00B221EE /* Frameworks */,
				244397A72D918B2E00B221EE /* Resources */,
			);
			buildRules = (
			);
			dependencies = (
				244397AB2D918B2E00B221EE /* PBXTargetDependency */,
			);
			fileSystemSynchronizedGroups = (
				244397AC2D918B2E00B221EE /* mindleague Watch AppTests */,
			);
			name = "mindleague Watch AppTests";
			packageProductDependencies = (
			);
			productName = "mindleague Watch AppTests";
			productReference = 244397A92D918B2E00B221EE /* mindleague Watch AppTests.xctest */;
			productType = "com.apple.product-type.bundle.unit-test";
		};
		244397B22D918B2E00B221EE /* mindleague Watch AppUITests */ = {
			isa = PBXNativeTarget;
			buildConfigurationList = 244397CD2D918B2E00B221EE /* Build configuration list for PBXNativeTarget "mindleague Watch AppUITests" */;
			buildPhases = (
				244397AF2D918B2E00B221EE /* Sources */,
				244397B02D918B2E00B221EE /* Frameworks */,
				244397B12D918B2E00B221EE /* Resources */,
			);
			buildRules = (
			);
			dependencies = (
				244397B52D918B2E00B221EE /* PBXTargetDependency */,
			);
			fileSystemSynchronizedGroups = (
				244397B62D918B2E00B221EE /* mindleague Watch AppUITests */,
			);
			name = "mindleague Watch AppUITests";
			packageProductDependencies = (
			);
			productName = "mindleague Watch AppUITests";
			productReference = 244397B32D918B2E00B221EE /* mindleague Watch AppUITests.xctest */;
			productType = "com.apple.product-type.bundle.ui-testing";
		};
/* End PBXNativeTarget section */

/* Begin PBXProject section */
		244397692D918B2B00B221EE /* Project object */ = {
			isa = PBXProject;
			attributes = {
				BuildIndependentTargetsInParallel = 1;
				LastSwiftUpdateCheck = 1620;
				LastUpgradeCheck = 1620;
				TargetAttributes = {
					244397702D918B2B00B221EE = {
						CreatedOnToolsVersion = 16.2;
					};
					244397802D918B2D00B221EE = {
						CreatedOnToolsVersion = 16.2;
						TestTargetID = 244397702D918B2B00B221EE;
					};
					2443978A2D918B2D00B221EE = {
						CreatedOnToolsVersion = 16.2;
						TestTargetID = 244397702D918B2B00B221EE;
					};
					244397962D918B2D00B221EE = {
						CreatedOnToolsVersion = 16.2;
					};
					244397A82D918B2E00B221EE = {
						CreatedOnToolsVersion = 16.2;
						TestTargetID = 244397962D918B2D00B221EE;
					};
					244397B22D918B2E00B221EE = {
						CreatedOnToolsVersion = 16.2;
						TestTargetID = 244397962D918B2D00B221EE;
					};
				};
			};
			buildConfigurationList = 2443976C2D918B2B00B221EE /* Build configuration list for PBXProject "mindleague" */;
			developmentRegion = en;
			hasScannedForEncodings = 0;
			knownRegions = (
				en,
				Base,
			);
			mainGroup = 244397682D918B2B00B221EE;
			minimizedProjectReferenceProxies = 1;
			preferredProjectObjectVersion = 77;
			productRefGroup = 244397722D918B2B00B221EE /* Products */;
			projectDirPath = "";
			projectRoot = "";
			targets = (
				244397702D918B2B00B221EE /* mindleague */,
				244397802D918B2D00B221EE /* mindleagueTests */,
				2443978A2D918B2D00B221EE /* mindleagueUITests */,
				244397962D918B2D00B221EE /* mindleague Watch App */,
				244397A82D918B2E00B221EE /* mindleague Watch AppTests */,
				244397B22D918B2E00B221EE /* mindleague Watch AppUITests */,
			);
		};
/* End PBXProject section */

/* Begin PBXResourcesBuildPhase section */
		2443976F2D918B2B00B221EE /* Resources */ = {
			isa = PBXResourcesBuildPhase;
			buildActionMask = 2147483647;
			files = (
			);
			runOnlyForDeploymentPostprocessing = 0;
		};
		2443977F2D918B2D00B221EE /* Resources */ = {
			isa = PBXResourcesBuildPhase;
			buildActionMask = 2147483647;
			files = (
			);
			runOnlyForDeploymentPostprocessing = 0;
		};
		244397892D918B2D00B221EE /* Resources */ = {
			isa = PBXResourcesBuildPhase;
			buildActionMask = 2147483647;
			files = (
			);
			runOnlyForDeploymentPostprocessing = 0;
		};
		244397952D918B2D00B221EE /* Resources */ = {
			isa = PBXResourcesBuildPhase;
			buildActionMask = 2147483647;
			files = (
			);
			runOnlyForDeploymentPostprocessing = 0;
		};
		244397A72D918B2E00B221EE /* Resources */ = {
			isa = PBXResourcesBuildPhase;
			buildActionMask = 2147483647;
			files = (
			);
			runOnlyForDeploymentPostprocessing = 0;
		};
		244397B12D918B2E00B221EE /* Resources */ = {
			isa = PBXResourcesBuildPhase;
			buildActionMask = 2147483647;
			files = (
			);
			runOnlyForDeploymentPostprocessing = 0;
		};
/* End PBXResourcesBuildPhase section */

/* Begin PBXSourcesBuildPhase section */
		2443976D2D918B2B00B221EE /* Sources */ = {
			isa = PBXSourcesBuildPhase;
			buildActionMask = 2147483647;
			files = (
			);
			runOnlyForDeploymentPostprocessing = 0;
		};
		2443977D2D918B2D00B221EE /* Sources */ = {
			isa = PBXSourcesBuildPhase;
			buildActionMask = 2147483647;
			files = (
			);
			runOnlyForDeploymentPostprocessing = 0;
		};
		244397872D918B2D00B221EE /* Sources */ = {
			isa = PBXSourcesBuildPhase;
			buildActionMask = 2147483647;
			files = (
			);
			runOnlyForDeploymentPostprocessing = 0;
		};
		244397932D918B2D00B221EE /* Sources */ = {
			isa = PBXSourcesBuildPhase;
			buildActionMask = 2147483647;
			files = (
			);
			runOnlyForDeploymentPostprocessing = 0;
		};
		244397A52D918B2E00B221EE /* Sources */ = {
			isa = PBXSourcesBuildPhase;
			buildActionMask = 2147483647;
			files = (
			);
			runOnlyForDeploymentPostprocessing = 0;
		};
		244397AF2D918B2E00B221EE /* Sources */ = {
			isa = PBXSourcesBuildPhase;
			buildActionMask = 2147483647;
			files = (
			);
			runOnlyForDeploymentPostprocessing = 0;
		};
/* End PBXSourcesBuildPhase section */

/* Begin PBXTargetDependency section */
		244397832D918B2D00B221EE /* PBXTargetDependency */ = {
			isa = PBXTargetDependency;
			target = 244397702D918B2B00B221EE /* mindleague */;
			targetProxy = 244397822D918B2D00B221EE /* PBXContainerItemProxy */;
		};
		2443978D2D918B2D00B221EE /* PBXTargetDependency */ = {
			isa = PBXTargetDependency;
			target = 244397702D918B2B00B221EE /* mindleague */;
			targetProxy = 2443978C2D918B2D00B221EE /* PBXContainerItemProxy */;
		};
		2443979A2D918B2D00B221EE /* PBXTargetDependency */ = {
			isa = PBXTargetDependency;
			target = 244397962D918B2D00B221EE /* mindleague Watch App */;
			targetProxy = 244397992D918B2D00B221EE /* PBXContainerItemProxy */;
		};
		244397AB2D918B2E00B221EE /* PBXTargetDependency */ = {
			isa = PBXTargetDependency;
			target = 244397962D918B2D00B221EE /* mindleague Watch App */;
			targetProxy = 244397AA2D918B2E00B221EE /* PBXContainerItemProxy */;
		};
		244397B52D918B2E00B221EE /* PBXTargetDependency */ = {
			isa = PBXTargetDependency;
			target = 244397962D918B2D00B221EE /* mindleague Watch App */;
			targetProxy = 244397B42D918B2E00B221EE /* PBXContainerItemProxy */;
		};
/* End PBXTargetDependency section */

/* Begin XCBuildConfiguration section */
		244397BB2D918B2E00B221EE /* Debug */ = {
			isa = XCBuildConfiguration;
			buildSettings = {
				ALWAYS_SEARCH_USER_PATHS = NO;
				ASSETCATALOG_COMPILER_GENERATE_SWIFT_ASSET_SYMBOL_EXTENSIONS = YES;
				CLANG_ANALYZER_NONNULL = YES;
				CLANG_ANALYZER_NUMBER_OBJECT_CONVERSION = YES_AGGRESSIVE;
				CLANG_CXX_LANGUAGE_STANDARD = "gnu++20";
				CLANG_ENABLE_MODULES = YES;
				CLANG_ENABLE_OBJC_ARC = YES;
				CLANG_ENABLE_OBJC_WEAK = YES;
				CLANG_WARN_BLOCK_CAPTURE_AUTORELEASING = YES;
				CLANG_WARN_BOOL_CONVERSION = YES;
				CLANG_WARN_COMMA = YES;
				CLANG_WARN_CONSTANT_CONVERSION = YES;
				CLANG_WARN_DEPRECATED_OBJC_IMPLEMENTATIONS = YES;
				CLANG_WARN_DIRECT_OBJC_ISA_USAGE = YES_ERROR;
				CLANG_WARN_DOCUMENTATION_COMMENTS = YES;
				CLANG_WARN_EMPTY_BODY = YES;
				CLANG_WARN_ENUM_CONVERSION = YES;
				CLANG_WARN_INFINITE_RECURSION = YES;
				CLANG_WARN_INT_CONVERSION = YES;
				CLANG_WARN_NON_LITERAL_NULL_CONVERSION = YES;
				CLANG_WARN_OBJC_IMPLICIT_RETAIN_SELF = YES;
				CLANG_WARN_OBJC_LITERAL_CONVERSION = YES;
				CLANG_WARN_OBJC_ROOT_CLASS = YES_ERROR;
				CLANG_WARN_QUOTED_INCLUDE_IN_FRAMEWORK_HEADER = YES;
				CLANG_WARN_RANGE_LOOP_ANALYSIS = YES;
				CLANG_WARN_STRICT_PROTOTYPES = YES;
				CLANG_WARN_SUSPICIOUS_MOVE = YES;
				CLANG_WARN_UNGUARDED_AVAILABILITY = YES_AGGRESSIVE;
				CLANG_WARN_UNREACHABLE_CODE = YES;
				CLANG_WARN__DUPLICATE_METHOD_MATCH = YES;
				COPY_PHASE_STRIP = NO;
				DEBUG_INFORMATION_FORMAT = dwarf;
				ENABLE_STRICT_OBJC_MSGSEND = YES;
				ENABLE_TESTABILITY = YES;
				ENABLE_USER_SCRIPT_SANDBOXING = YES;
				GCC_C_LANGUAGE_STANDARD = gnu17;
				GCC_DYNAMIC_NO_PIC = NO;
				GCC_NO_COMMON_BLOCKS = YES;
				GCC_OPTIMIZATION_LEVEL = 0;
				GCC_PREPROCESSOR_DEFINITIONS = (
					"DEBUG=1",
					"$(inherited)",
				);
				GCC_WARN_64_TO_32_BIT_CONVERSION = YES;
				GCC_WARN_ABOUT_RETURN_TYPE = YES_ERROR;
				GCC_WARN_UNDECLARED_SELECTOR = YES;
				GCC_WARN_UNINITIALIZED_AUTOS = YES_AGGRESSIVE;
				GCC_WARN_UNUSED_FUNCTION = YES;
				GCC_WARN_UNUSED_VARIABLE = YES;
				LOCALIZATION_PREFERS_STRING_CATALOGS = YES;
				MTL_ENABLE_DEBUG_INFO = INCLUDE_SOURCE;
				MTL_FAST_MATH = YES;
				ONLY_ACTIVE_ARCH = YES;
				SWIFT_ACTIVE_COMPILATION_CONDITIONS = "DEBUG $(inherited)";
				SWIFT_OPTIMIZATION_LEVEL = "-Onone";
			};
			name = Debug;
		};
		244397BC2D918B2E00B221EE /* Release */ = {
			isa = XCBuildConfiguration;
			buildSettings = {
				ALWAYS_SEARCH_USER_PATHS = NO;
				ASSETCATALOG_COMPILER_GENERATE_SWIFT_ASSET_SYMBOL_EXTENSIONS = YES;
				CLANG_ANALYZER_NONNULL = YES;
				CLANG_ANALYZER_NUMBER_OBJECT_CONVERSION = YES_AGGRESSIVE;
				CLANG_CXX_LANGUAGE_STANDARD = "gnu++20";
				CLANG_ENABLE_MODULES = YES;
				CLANG_ENABLE_OBJC_ARC = YES;
				CLANG_ENABLE_OBJC_WEAK = YES;
				CLANG_WARN_BLOCK_CAPTURE_AUTORELEASING = YES;
				CLANG_WARN_BOOL_CONVERSION = YES;
				CLANG_WARN_COMMA = YES;
				CLANG_WARN_CONSTANT_CONVERSION = YES;
				CLANG_WARN_DEPRECATED_OBJC_IMPLEMENTATIONS = YES;
				CLANG_WARN_DIRECT_OBJC_ISA_USAGE = YES_ERROR;
				CLANG_WARN_DOCUMENTATION_COMMENTS = YES;
				CLANG_WARN_EMPTY_BODY = YES;
				CLANG_WARN_ENUM_CONVERSION = YES;
				CLANG_WARN_INFINITE_RECURSION = YES;
				CLANG_WARN_INT_CONVERSION = YES;
				CLANG_WARN_NON_LITERAL_NULL_CONVERSION = YES;
				CLANG_WARN_OBJC_IMPLICIT_RETAIN_SELF = YES;
				CLANG_WARN_OBJC_LITERAL_CONVERSION = YES;
				CLANG_WARN_OBJC_ROOT_CLASS = YES_ERROR;
				CLANG_WARN_QUOTED_INCLUDE_IN_FRAMEWORK_HEADER = YES;
				CLANG_WARN_RANGE_LOOP_ANALYSIS = YES;
				CLANG_WARN_STRICT_PROTOTYPES = YES;
				CLANG_WARN_SUSPICIOUS_MOVE = YES;
				CLANG_WARN_UNGUARDED_AVAILABILITY = YES_AGGRESSIVE;
				CLANG_WARN_UNREACHABLE_CODE = YES;
				CLANG_WARN__DUPLICATE_METHOD_MATCH = YES;
				COPY_PHASE_STRIP = NO;
				DEBUG_INFORMATION_FORMAT = "dwarf-with-dsym";
				ENABLE_NS_ASSERTIONS = NO;
				ENABLE_STRICT_OBJC_MSGSEND = YES;
				ENABLE_USER_SCRIPT_SANDBOXING = YES;
				GCC_C_LANGUAGE_STANDARD = gnu17;
				GCC_NO_COMMON_BLOCKS = YES;
				GCC_WARN_64_TO_32_BIT_CONVERSION = YES;
				GCC_WARN_ABOUT_RETURN_TYPE = YES_ERROR;
				GCC_WARN_UNDECLARED_SELECTOR = YES;
				GCC_WARN_UNINITIALIZED_AUTOS = YES_AGGRESSIVE;
				GCC_WARN_UNUSED_FUNCTION = YES;
				GCC_WARN_UNUSED_VARIABLE = YES;
				LOCALIZATION_PREFERS_STRING_CATALOGS = YES;
				MTL_ENABLE_DEBUG_INFO = NO;
				MTL_FAST_MATH = YES;
				SWIFT_COMPILATION_MODE = wholemodule;
			};
			name = Release;
		};
		244397BE2D918B2E00B221EE /* Debug */ = {
			isa = XCBuildConfiguration;
			buildSettings = {
				ASSETCATALOG_COMPILER_APPICON_NAME = AppIcon;
				ASSETCATALOG_COMPILER_GLOBAL_ACCENT_COLOR_NAME = AccentColor;
				CODE_SIGN_STYLE = Automatic;
				CURRENT_PROJECT_VERSION = 1;
				DEVELOPMENT_ASSET_PATHS = "\"mindleague Watch App/Preview Content\"";
				DEVELOPMENT_TEAM = M2B257F9A5;
				ENABLE_PREVIEWS = YES;
				GENERATE_INFOPLIST_FILE = YES;
				INFOPLIST_KEY_CFBundleDisplayName = mindleague;
				INFOPLIST_KEY_UISupportedInterfaceOrientations = "UIInterfaceOrientationPortrait UIInterfaceOrientationPortraitUpsideDown";
				INFOPLIST_KEY_WKCompanionAppBundleIdentifier = Academy.mindleague;
				LD_RUNPATH_SEARCH_PATHS = (
					"$(inherited)",
					"@executable_path/Frameworks",
				);
				MARKETING_VERSION = 1.0;
				PRODUCT_BUNDLE_IDENTIFIER = Academy.mindleague.watchkitapp;
				PRODUCT_NAME = "$(TARGET_NAME)";
				SDKROOT = watchos;
				SKIP_INSTALL = YES;
				SWIFT_EMIT_LOC_STRINGS = YES;
				SWIFT_VERSION = 5.0;
				TARGETED_DEVICE_FAMILY = 4;
				WATCHOS_DEPLOYMENT_TARGET = 10.5;
			};
			name = Debug;
		};
		244397BF2D918B2E00B221EE /* Release */ = {
			isa = XCBuildConfiguration;
			buildSettings = {
				ASSETCATALOG_COMPILER_APPICON_NAME = AppIcon;
				ASSETCATALOG_COMPILER_GLOBAL_ACCENT_COLOR_NAME = AccentColor;
				CODE_SIGN_STYLE = Automatic;
				CURRENT_PROJECT_VERSION = 1;
				DEVELOPMENT_ASSET_PATHS = "\"mindleague Watch App/Preview Content\"";
				DEVELOPMENT_TEAM = M2B257F9A5;
				ENABLE_PREVIEWS = YES;
				GENERATE_INFOPLIST_FILE = YES;
				INFOPLIST_KEY_CFBundleDisplayName = mindleague;
				INFOPLIST_KEY_UISupportedInterfaceOrientations = "UIInterfaceOrientationPortrait UIInterfaceOrientationPortraitUpsideDown";
				INFOPLIST_KEY_WKCompanionAppBundleIdentifier = Academy.mindleague;
				LD_RUNPATH_SEARCH_PATHS = (
					"$(inherited)",
					"@executable_path/Frameworks",
				);
				MARKETING_VERSION = 1.0;
				PRODUCT_BUNDLE_IDENTIFIER = Academy.mindleague.watchkitapp;
				PRODUCT_NAME = "$(TARGET_NAME)";
				SDKROOT = watchos;
				SKIP_INSTALL = YES;
				SWIFT_EMIT_LOC_STRINGS = YES;
				SWIFT_VERSION = 5.0;
				TARGETED_DEVICE_FAMILY = 4;
				VALIDATE_PRODUCT = YES;
				WATCHOS_DEPLOYMENT_TARGET = 10.5;
			};
			name = Release;
		};
		244397C22D918B2E00B221EE /* Debug */ = {
			isa = XCBuildConfiguration;
			buildSettings = {
				ASSETCATALOG_COMPILER_APPICON_NAME = AppIcon;
				ASSETCATALOG_COMPILER_GLOBAL_ACCENT_COLOR_NAME = AccentColor;
				CODE_SIGN_STYLE = Automatic;
				CURRENT_PROJECT_VERSION = 1;
				DEVELOPMENT_ASSET_PATHS = "\"mindleague/Preview Content\"";
				DEVELOPMENT_TEAM = M2B257F9A5;
				ENABLE_PREVIEWS = YES;
				GENERATE_INFOPLIST_FILE = YES;
				INFOPLIST_KEY_CFBundleDisplayName = mindleague;
				INFOPLIST_KEY_UIApplicationSceneManifest_Generation = YES;
				INFOPLIST_KEY_UIApplicationSupportsIndirectInputEvents = YES;
				INFOPLIST_KEY_UILaunchScreen_Generation = YES;
				INFOPLIST_KEY_UISupportedInterfaceOrientations_iPad = "UIInterfaceOrientationPortrait UIInterfaceOrientationPortraitUpsideDown UIInterfaceOrientationLandscapeLeft UIInterfaceOrientationLandscapeRight";
				INFOPLIST_KEY_UISupportedInterfaceOrientations_iPhone = "UIInterfaceOrientationPortrait UIInterfaceOrientationLandscapeLeft UIInterfaceOrientationLandscapeRight";
				IPHONEOS_DEPLOYMENT_TARGET = 16.6;
				LD_RUNPATH_SEARCH_PATHS = (
					"$(inherited)",
					"@executable_path/Frameworks",
				);
				MARKETING_VERSION = 1.0;
				PRODUCT_BUNDLE_IDENTIFIER = Academy.mindleague;
				PRODUCT_NAME = "$(TARGET_NAME)";
				SDKROOT = iphoneos;
				SWIFT_EMIT_LOC_STRINGS = YES;
				SWIFT_VERSION = 5.0;
				TARGETED_DEVICE_FAMILY = "1,2";
			};
			name = Debug;
		};
		244397C32D918B2E00B221EE /* Release */ = {
			isa = XCBuildConfiguration;
			buildSettings = {
				ASSETCATALOG_COMPILER_APPICON_NAME = AppIcon;
				ASSETCATALOG_COMPILER_GLOBAL_ACCENT_COLOR_NAME = AccentColor;
				CODE_SIGN_STYLE = Automatic;
				CURRENT_PROJECT_VERSION = 1;
				DEVELOPMENT_ASSET_PATHS = "\"mindleague/Preview Content\"";
				DEVELOPMENT_TEAM = M2B257F9A5;
				ENABLE_PREVIEWS = YES;
				GENERATE_INFOPLIST_FILE = YES;
				INFOPLIST_KEY_CFBundleDisplayName = mindleague;
				INFOPLIST_KEY_UIApplicationSceneManifest_Generation = YES;
				INFOPLIST_KEY_UIApplicationSupportsIndirectInputEvents = YES;
				INFOPLIST_KEY_UILaunchScreen_Generation = YES;
				INFOPLIST_KEY_UISupportedInterfaceOrientations_iPad = "UIInterfaceOrientationPortrait UIInterfaceOrientationPortraitUpsideDown UIInterfaceOrientationLandscapeLeft UIInterfaceOrientationLandscapeRight";
				INFOPLIST_KEY_UISupportedInterfaceOrientations_iPhone = "UIInterfaceOrientationPortrait UIInterfaceOrientationLandscapeLeft UIInterfaceOrientationLandscapeRight";
				IPHONEOS_DEPLOYMENT_TARGET = 16.6;
				LD_RUNPATH_SEARCH_PATHS = (
					"$(inherited)",
					"@executable_path/Frameworks",
				);
				MARKETING_VERSION = 1.0;
				PRODUCT_BUNDLE_IDENTIFIER = Academy.mindleague;
				PRODUCT_NAME = "$(TARGET_NAME)";
				SDKROOT = iphoneos;
				SWIFT_EMIT_LOC_STRINGS = YES;
				SWIFT_VERSION = 5.0;
				TARGETED_DEVICE_FAMILY = "1,2";
				VALIDATE_PRODUCT = YES;
			};
			name = Release;
		};
		244397C52D918B2E00B221EE /* Debug */ = {
			isa = XCBuildConfiguration;
			buildSettings = {
				BUNDLE_LOADER = "$(TEST_HOST)";
				CODE_SIGN_STYLE = Automatic;
				CURRENT_PROJECT_VERSION = 1;
				DEVELOPMENT_TEAM = M2B257F9A5;
				GENERATE_INFOPLIST_FILE = YES;
				IPHONEOS_DEPLOYMENT_TARGET = 18.2;
				MARKETING_VERSION = 1.0;
				PRODUCT_BUNDLE_IDENTIFIER = Academy.mindleagueTests;
				PRODUCT_NAME = "$(TARGET_NAME)";
				SDKROOT = iphoneos;
				SWIFT_EMIT_LOC_STRINGS = NO;
				SWIFT_VERSION = 5.0;
				TARGETED_DEVICE_FAMILY = "1,2";
				TEST_HOST = "$(BUILT_PRODUCTS_DIR)/mindleague.app/$(BUNDLE_EXECUTABLE_FOLDER_PATH)/mindleague";
			};
			name = Debug;
		};
		244397C62D918B2E00B221EE /* Release */ = {
			isa = XCBuildConfiguration;
			buildSettings = {
				BUNDLE_LOADER = "$(TEST_HOST)";
				CODE_SIGN_STYLE = Automatic;
				CURRENT_PROJECT_VERSION = 1;
				DEVELOPMENT_TEAM = M2B257F9A5;
				GENERATE_INFOPLIST_FILE = YES;
				IPHONEOS_DEPLOYMENT_TARGET = 18.2;
				MARKETING_VERSION = 1.0;
				PRODUCT_BUNDLE_IDENTIFIER = Academy.mindleagueTests;
				PRODUCT_NAME = "$(TARGET_NAME)";
				SDKROOT = iphoneos;
				SWIFT_EMIT_LOC_STRINGS = NO;
				SWIFT_VERSION = 5.0;
				TARGETED_DEVICE_FAMILY = "1,2";
				TEST_HOST = "$(BUILT_PRODUCTS_DIR)/mindleague.app/$(BUNDLE_EXECUTABLE_FOLDER_PATH)/mindleague";
				VALIDATE_PRODUCT = YES;
			};
			name = Release;
		};
		244397C82D918B2E00B221EE /* Debug */ = {
			isa = XCBuildConfiguration;
			buildSettings = {
				CODE_SIGN_STYLE = Automatic;
				CURRENT_PROJECT_VERSION = 1;
				DEVELOPMENT_TEAM = M2B257F9A5;
				GENERATE_INFOPLIST_FILE = YES;
				IPHONEOS_DEPLOYMENT_TARGET = 18.2;
				MARKETING_VERSION = 1.0;
				PRODUCT_BUNDLE_IDENTIFIER = Academy.mindleagueUITests;
				PRODUCT_NAME = "$(TARGET_NAME)";
				SDKROOT = iphoneos;
				SWIFT_EMIT_LOC_STRINGS = NO;
				SWIFT_VERSION = 5.0;
				TARGETED_DEVICE_FAMILY = "1,2";
				TEST_TARGET_NAME = mindleague;
			};
			name = Debug;
		};
		244397C92D918B2E00B221EE /* Release */ = {
			isa = XCBuildConfiguration;
			buildSettings = {
				CODE_SIGN_STYLE = Automatic;
				CURRENT_PROJECT_VERSION = 1;
				DEVELOPMENT_TEAM = M2B257F9A5;
				GENERATE_INFOPLIST_FILE = YES;
				IPHONEOS_DEPLOYMENT_TARGET = 18.2;
				MARKETING_VERSION = 1.0;
				PRODUCT_BUNDLE_IDENTIFIER = Academy.mindleagueUITests;
				PRODUCT_NAME = "$(TARGET_NAME)";
				SDKROOT = iphoneos;
				SWIFT_EMIT_LOC_STRINGS = NO;
				SWIFT_VERSION = 5.0;
				TARGETED_DEVICE_FAMILY = "1,2";
				TEST_TARGET_NAME = mindleague;
				VALIDATE_PRODUCT = YES;
			};
			name = Release;
		};
		244397CB2D918B2E00B221EE /* Debug */ = {
			isa = XCBuildConfiguration;
			buildSettings = {
				BUNDLE_LOADER = "$(TEST_HOST)";
				CODE_SIGN_STYLE = Automatic;
				CURRENT_PROJECT_VERSION = 1;
				DEVELOPMENT_TEAM = M2B257F9A5;
				GENERATE_INFOPLIST_FILE = YES;
				MARKETING_VERSION = 1.0;
				PRODUCT_BUNDLE_IDENTIFIER = "Academy.mindleague-Watch-AppTests";
				PRODUCT_NAME = "$(TARGET_NAME)";
				SDKROOT = watchos;
				SWIFT_EMIT_LOC_STRINGS = NO;
				SWIFT_VERSION = 5.0;
				TARGETED_DEVICE_FAMILY = 4;
				TEST_HOST = "$(BUILT_PRODUCTS_DIR)/mindleague Watch App.app/$(BUNDLE_EXECUTABLE_FOLDER_PATH)/mindleague Watch App";
				WATCHOS_DEPLOYMENT_TARGET = 11.2;
			};
			name = Debug;
		};
		244397CC2D918B2E00B221EE /* Release */ = {
			isa = XCBuildConfiguration;
			buildSettings = {
				BUNDLE_LOADER = "$(TEST_HOST)";
				CODE_SIGN_STYLE = Automatic;
				CURRENT_PROJECT_VERSION = 1;
				DEVELOPMENT_TEAM = M2B257F9A5;
				GENERATE_INFOPLIST_FILE = YES;
				MARKETING_VERSION = 1.0;
				PRODUCT_BUNDLE_IDENTIFIER = "Academy.mindleague-Watch-AppTests";
				PRODUCT_NAME = "$(TARGET_NAME)";
				SDKROOT = watchos;
				SWIFT_EMIT_LOC_STRINGS = NO;
				SWIFT_VERSION = 5.0;
				TARGETED_DEVICE_FAMILY = 4;
				TEST_HOST = "$(BUILT_PRODUCTS_DIR)/mindleague Watch App.app/$(BUNDLE_EXECUTABLE_FOLDER_PATH)/mindleague Watch App";
				VALIDATE_PRODUCT = YES;
				WATCHOS_DEPLOYMENT_TARGET = 11.2;
			};
			name = Release;
		};
		244397CE2D918B2E00B221EE /* Debug */ = {
			isa = XCBuildConfiguration;
			buildSettings = {
				CODE_SIGN_STYLE = Automatic;
				CURRENT_PROJECT_VERSION = 1;
				DEVELOPMENT_TEAM = M2B257F9A5;
				GENERATE_INFOPLIST_FILE = YES;
				MARKETING_VERSION = 1.0;
				PRODUCT_BUNDLE_IDENTIFIER = "Academy.mindleague-Watch-AppUITests";
				PRODUCT_NAME = "$(TARGET_NAME)";
				SDKROOT = watchos;
				SWIFT_EMIT_LOC_STRINGS = NO;
				SWIFT_VERSION = 5.0;
				TARGETED_DEVICE_FAMILY = 4;
				TEST_TARGET_NAME = "mindleague Watch App";
				WATCHOS_DEPLOYMENT_TARGET = 11.2;
			};
			name = Debug;
		};
		244397CF2D918B2E00B221EE /* Release */ = {
			isa = XCBuildConfiguration;
			buildSettings = {
				CODE_SIGN_STYLE = Automatic;
				CURRENT_PROJECT_VERSION = 1;
				DEVELOPMENT_TEAM = M2B257F9A5;
				GENERATE_INFOPLIST_FILE = YES;
				MARKETING_VERSION = 1.0;
				PRODUCT_BUNDLE_IDENTIFIER = "Academy.mindleague-Watch-AppUITests";
				PRODUCT_NAME = "$(TARGET_NAME)";
				SDKROOT = watchos;
				SWIFT_EMIT_LOC_STRINGS = NO;
				SWIFT_VERSION = 5.0;
				TARGETED_DEVICE_FAMILY = 4;
				TEST_TARGET_NAME = "mindleague Watch App";
				VALIDATE_PRODUCT = YES;
				WATCHOS_DEPLOYMENT_TARGET = 11.2;
			};
			name = Release;
		};
/* End XCBuildConfiguration section */

/* Begin XCConfigurationList section */
		2443976C2D918B2B00B221EE /* Build configuration list for PBXProject "mindleague" */ = {
			isa = XCConfigurationList;
			buildConfigurations = (
				244397BB2D918B2E00B221EE /* Debug */,
				244397BC2D918B2E00B221EE /* Release */,
			);
			defaultConfigurationIsVisible = 0;
			defaultConfigurationName = Release;
		};
		244397BD2D918B2E00B221EE /* Build configuration list for PBXNativeTarget "mindleague Watch App" */ = {
			isa = XCConfigurationList;
			buildConfigurations = (
				244397BE2D918B2E00B221EE /* Debug */,
				244397BF2D918B2E00B221EE /* Release */,
			);
			defaultConfigurationIsVisible = 0;
			defaultConfigurationName = Release;
		};
		244397C12D918B2E00B221EE /* Build configuration list for PBXNativeTarget "mindleague" */ = {
			isa = XCConfigurationList;
			buildConfigurations = (
				244397C22D918B2E00B221EE /* Debug */,
				244397C32D918B2E00B221EE /* Release */,
			);
			defaultConfigurationIsVisible = 0;
			defaultConfigurationName = Release;
		};
		244397C42D918B2E00B221EE /* Build configuration list for PBXNativeTarget "mindleagueTests" */ = {
			isa = XCConfigurationList;
			buildConfigurations = (
				244397C52D918B2E00B221EE /* Debug */,
				244397C62D918B2E00B221EE /* Release */,
			);
			defaultConfigurationIsVisible = 0;
			defaultConfigurationName = Release;
		};
		244397C72D918B2E00B221EE /* Build configuration list for PBXNativeTarget "mindleagueUITests" */ = {
			isa = XCConfigurationList;
			buildConfigurations = (
				244397C82D918B2E00B221EE /* Debug */,
				244397C92D918B2E00B221EE /* Release */,
			);
			defaultConfigurationIsVisible = 0;
			defaultConfigurationName = Release;
		};
		244397CA2D918B2E00B221EE /* Build configuration list for PBXNativeTarget "mindleague Watch AppTests" */ = {
			isa = XCConfigurationList;
			buildConfigurations = (
				244397CB2D918B2E00B221EE /* Debug */,
				244397CC2D918B2E00B221EE /* Release */,
			);
			defaultConfigurationIsVisible = 0;
			defaultConfigurationName = Release;
		};
		244397CD2D918B2E00B221EE /* Build configuration list for PBXNativeTarget "mindleague Watch AppUITests" */ = {
			isa = XCConfigurationList;
			buildConfigurations = (
				244397CE2D918B2E00B221EE /* Debug */,
				244397CF2D918B2E00B221EE /* Release */,
			);
			defaultConfigurationIsVisible = 0;
			defaultConfigurationName = Release;
		};
/* End XCConfigurationList section */
	};
	rootObject = 244397692D918B2B00B221EE /* Project object */;
}
